// !$*UTF8*$!
{
	archiveVersion = 1;
	classes = {
	};
	objectVersion = 55;
	objects = {

/* Begin PBXBuildFile section */
		470D55622C4A9B72003C9545 /* SplashView.swift in Sources */ = {isa = PBXBuildFile; fileRef = 470D55612C4A9B72003C9545 /* SplashView.swift */; };
		471C32382C4949A600BA02FD /* ChatView.swift in Sources */ = {isa = PBXBuildFile; fileRef = 471C32372C4949A600BA02FD /* ChatView.swift */; };
		6C02FD3B2C497DB60004343C /* Alamofire in Frameworks */ = {isa = PBXBuildFile; productRef = 6C02FD3A2C497DB60004343C /* Alamofire */; };
		6C5333202C1B557300CA76C4 /* ApiManager.swift in Sources */ = {isa = PBXBuildFile; fileRef = 6C53331F2C1B557300CA76C4 /* ApiManager.swift */; };
		6C5333272C1B56A600CA76C4 /* UserDataProvider.swift in Sources */ = {isa = PBXBuildFile; fileRef = 6C5333262C1B56A600CA76C4 /* UserDataProvider.swift */; };
		6C5333292C1B5AC000CA76C4 /* UsersApiService.swift in Sources */ = {isa = PBXBuildFile; fileRef = 6C5333282C1B5AC000CA76C4 /* UsersApiService.swift */; };
		6C53332B2C1B5ACD00CA76C4 /* ChatsApiService.swift in Sources */ = {isa = PBXBuildFile; fileRef = 6C53332A2C1B5ACD00CA76C4 /* ChatsApiService.swift */; };
		6C53332D2C1B5AE100CA76C4 /* MessagesApiService.swift in Sources */ = {isa = PBXBuildFile; fileRef = 6C53332C2C1B5AE100CA76C4 /* MessagesApiService.swift */; };
		6C57108A2C3DB08600DD9E9D /* ActiveChatsViewModel.swift in Sources */ = {isa = PBXBuildFile; fileRef = 6C5710892C3DB08600DD9E9D /* ActiveChatsViewModel.swift */; };
		6C57108D2C3DB1CF00DD9E9D /* ActiveChatsUseCase.swift in Sources */ = {isa = PBXBuildFile; fileRef = 6C57108C2C3DB1CF00DD9E9D /* ActiveChatsUseCase.swift */; };
		6C6332AB2C3C62E00028C748 /* ConversationView.swift in Sources */ = {isa = PBXBuildFile; fileRef = 6C6332AA2C3C62E00028C748 /* ConversationView.swift */; };
		6C8E70C02C38680400AC903E /* UsersListView.swift in Sources */ = {isa = PBXBuildFile; fileRef = 6C8E70BF2C38680400AC903E /* UsersListView.swift */; };
		6C8E70C62C3873AF00AC903E /* AddNewChatModel.swift in Sources */ = {isa = PBXBuildFile; fileRef = 6C8E70C52C3873AF00AC903E /* AddNewChatModel.swift */; };
		6C8E70C82C38759300AC903E /* UsersListViewModel.swift in Sources */ = {isa = PBXBuildFile; fileRef = 6C8E70C72C38759300AC903E /* UsersListViewModel.swift */; };
		6C8E70CB2C3875C000AC903E /* UsersListUseCase.swift in Sources */ = {isa = PBXBuildFile; fileRef = 6C8E70CA2C3875C000AC903E /* UsersListUseCase.swift */; };
		6C9F1BEF2C21986F00DF0E7B /* User.swift in Sources */ = {isa = PBXBuildFile; fileRef = 6C9F1BEE2C21986F00DF0E7B /* User.swift */; };
		6C9F1BF22C21989900DF0E7B /* Chat.swift in Sources */ = {isa = PBXBuildFile; fileRef = 6C9F1BF12C21989900DF0E7B /* Chat.swift */; };
		6C9F1BF42C2198B100DF0E7B /* Message.swift in Sources */ = {isa = PBXBuildFile; fileRef = 6C9F1BF32C2198B100DF0E7B /* Message.swift */; };
		6CA1E2B12C08F5C90023546E /* ChitChatApp.swift in Sources */ = {isa = PBXBuildFile; fileRef = 6CA1E2B02C08F5C90023546E /* ChitChatApp.swift */; };
		6CA1E2B52C08F5CD0023546E /* Assets.xcassets in Resources */ = {isa = PBXBuildFile; fileRef = 6CA1E2B42C08F5CD0023546E /* Assets.xcassets */; };
		6CA2207C2C3F0ADC00851097 /* Conversation2View.swift in Sources */ = {isa = PBXBuildFile; fileRef = 6CA2207B2C3F0ADC00851097 /* Conversation2View.swift */; };
		6CAE37F02C235EE400E3AE16 /* ChatDataProvider.swift in Sources */ = {isa = PBXBuildFile; fileRef = 6CAE37EF2C235EE400E3AE16 /* ChatDataProvider.swift */; };
		6CAE37F22C235F2E00E3AE16 /* MessageDataProvider.swift in Sources */ = {isa = PBXBuildFile; fileRef = 6CAE37F12C235F2E00E3AE16 /* MessageDataProvider.swift */; };
		6CDC8D792C484EC90041B1CB /* ChitChatDefaultsManager.swift in Sources */ = {isa = PBXBuildFile; fileRef = 7E9230FD2C45958600C69E3C /* ChitChatDefaultsManager.swift */; };
		6CDE5F362C46D73700FABCA7 /* ChatsMappers.swift in Sources */ = {isa = PBXBuildFile; fileRef = 6CDE5F352C46D73700FABCA7 /* ChatsMappers.swift */; };
		6CDE5F382C46E58200FABCA7 /* MessagesMappers.swift in Sources */ = {isa = PBXBuildFile; fileRef = 6CDE5F372C46E58200FABCA7 /* MessagesMappers.swift */; };
		7E2FE3622C49DB5D0093B4B6 /* RegisterDTOMapper.swift in Sources */ = {isa = PBXBuildFile; fileRef = 7E2FE3612C49DB5D0093B4B6 /* RegisterDTOMapper.swift */; };
		7E2FE3642C49DB740093B4B6 /* UserRegisterDTO.swift in Sources */ = {isa = PBXBuildFile; fileRef = 7E2FE3632C49DB740093B4B6 /* UserRegisterDTO.swift */; };
		7E2FE3662C49DBA20093B4B6 /* RegisterViewModel.swift in Sources */ = {isa = PBXBuildFile; fileRef = 7E2FE3652C49DBA20093B4B6 /* RegisterViewModel.swift */; };
		7E2FE36A2C49DBBE0093B4B6 /* AvatarItem.swift in Sources */ = {isa = PBXBuildFile; fileRef = 7E2FE3672C49DBBE0093B4B6 /* AvatarItem.swift */; };
		7E2FE36B2C49DBBE0093B4B6 /* RegisterModel.swift in Sources */ = {isa = PBXBuildFile; fileRef = 7E2FE3682C49DBBE0093B4B6 /* RegisterModel.swift */; };
		7E2FE36C2C49DBBE0093B4B6 /* RegisterUserModel.swift in Sources */ = {isa = PBXBuildFile; fileRef = 7E2FE3692C49DBBE0093B4B6 /* RegisterUserModel.swift */; };
		7E2FE36E2C49DBEB0093B4B6 /* RegisterUseCase.swift in Sources */ = {isa = PBXBuildFile; fileRef = 7E2FE36D2C49DBEB0093B4B6 /* RegisterUseCase.swift */; };
		7E3776F32C34153400EBAE55 /* LoginView.swift in Sources */ = {isa = PBXBuildFile; fileRef = 7E3776F22C34153400EBAE55 /* LoginView.swift */; };
		7E3776F62C34166100EBAE55 /* UserLoginDTO.swift in Sources */ = {isa = PBXBuildFile; fileRef = 7E3776F52C34166100EBAE55 /* UserLoginDTO.swift */; };
		7E3776FA2C3427BD00EBAE55 /* LoginModel.swift in Sources */ = {isa = PBXBuildFile; fileRef = 7E3776F92C3427BD00EBAE55 /* LoginModel.swift */; };
		7E3776FF2C342C0B00EBAE55 /* LoginViewModel.swift in Sources */ = {isa = PBXBuildFile; fileRef = 7E3776FE2C342C0B00EBAE55 /* LoginViewModel.swift */; };
		7E3777012C3453FA00EBAE55 /* LoginUseCase.swift in Sources */ = {isa = PBXBuildFile; fileRef = 7E3777002C3453FA00EBAE55 /* LoginUseCase.swift */; };
		7E3777032C346C8800EBAE55 /* ErrorModel.swift in Sources */ = {isa = PBXBuildFile; fileRef = 7E3777022C346C8800EBAE55 /* ErrorModel.swift */; };
		7E3777062C34716E00EBAE55 /* ErrorMapper.swift in Sources */ = {isa = PBXBuildFile; fileRef = 7E3777052C34716E00EBAE55 /* ErrorMapper.swift */; };
		7E3777082C3473E100EBAE55 /* LoginDTOMapper.swift in Sources */ = {isa = PBXBuildFile; fileRef = 7E3777072C3473E100EBAE55 /* LoginDTOMapper.swift */; };
		7E5413962C358AFC0011AF3B /* Extensions.swift in Sources */ = {isa = PBXBuildFile; fileRef = 7E5413952C358AFC0011AF3B /* Extensions.swift */; };
		7E6F6DC32C380980001EFAB4 /* Localizable.strings in Resources */ = {isa = PBXBuildFile; fileRef = 7E6F6DC12C380980001EFAB4 /* Localizable.strings */; };
		7EE774092C35D869003DDBC2 /* AlertType.swift in Sources */ = {isa = PBXBuildFile; fileRef = 7EE774082C35D869003DDBC2 /* AlertType.swift */; };
		7EE7740B2C35DA85003DDBC2 /* CustomAlert.swift in Sources */ = {isa = PBXBuildFile; fileRef = 7EE7740A2C35DA85003DDBC2 /* CustomAlert.swift */; };
		7EE774102C35E1C9003DDBC2 /* ActiveChatsView.swift in Sources */ = {isa = PBXBuildFile; fileRef = 7EE7740C2C35E1C8003DDBC2 /* ActiveChatsView.swift */; };
		7EE774122C35E1C9003DDBC2 /* AddNewChatView.swift in Sources */ = {isa = PBXBuildFile; fileRef = 7EE7740E2C35E1C8003DDBC2 /* AddNewChatView.swift */; };
		7EE774132C35E1C9003DDBC2 /* RegisterView.swift in Sources */ = {isa = PBXBuildFile; fileRef = 7EE7740F2C35E1C8003DDBC2 /* RegisterView.swift */; };
/* End PBXBuildFile section */

/* Begin PBXCopyFilesBuildPhase section */
		471C323F2C494B3E00BA02FD /* Embed Frameworks */ = {
			isa = PBXCopyFilesBuildPhase;
			buildActionMask = 2147483647;
			dstPath = "";
			dstSubfolderSpec = 10;
			files = (
			);
			name = "Embed Frameworks";
			runOnlyForDeploymentPostprocessing = 0;
		};
/* End PBXCopyFilesBuildPhase section */

/* Begin PBXFileReference section */
		470D55612C4A9B72003C9545 /* SplashView.swift */ = {isa = PBXFileReference; lastKnownFileType = sourcecode.swift; path = SplashView.swift; sourceTree = "<group>"; };
		471C32372C4949A600BA02FD /* ChatView.swift */ = {isa = PBXFileReference; lastKnownFileType = sourcecode.swift; path = ChatView.swift; sourceTree = "<group>"; };
		6C53331F2C1B557300CA76C4 /* ApiManager.swift */ = {isa = PBXFileReference; lastKnownFileType = sourcecode.swift; path = ApiManager.swift; sourceTree = "<group>"; };
		6C5333262C1B56A600CA76C4 /* UserDataProvider.swift */ = {isa = PBXFileReference; lastKnownFileType = sourcecode.swift; path = UserDataProvider.swift; sourceTree = "<group>"; };
		6C5333282C1B5AC000CA76C4 /* UsersApiService.swift */ = {isa = PBXFileReference; lastKnownFileType = sourcecode.swift; path = UsersApiService.swift; sourceTree = "<group>"; };
		6C53332A2C1B5ACD00CA76C4 /* ChatsApiService.swift */ = {isa = PBXFileReference; lastKnownFileType = sourcecode.swift; path = ChatsApiService.swift; sourceTree = "<group>"; };
		6C53332C2C1B5AE100CA76C4 /* MessagesApiService.swift */ = {isa = PBXFileReference; lastKnownFileType = sourcecode.swift; path = MessagesApiService.swift; sourceTree = "<group>"; };
		6C5710892C3DB08600DD9E9D /* ActiveChatsViewModel.swift */ = {isa = PBXFileReference; lastKnownFileType = sourcecode.swift; path = ActiveChatsViewModel.swift; sourceTree = "<group>"; };
		6C57108C2C3DB1CF00DD9E9D /* ActiveChatsUseCase.swift */ = {isa = PBXFileReference; lastKnownFileType = sourcecode.swift; path = ActiveChatsUseCase.swift; sourceTree = "<group>"; };
		6C6332AA2C3C62E00028C748 /* ConversationView.swift */ = {isa = PBXFileReference; lastKnownFileType = sourcecode.swift; path = ConversationView.swift; sourceTree = "<group>"; };
		6C8E70BF2C38680400AC903E /* UsersListView.swift */ = {isa = PBXFileReference; lastKnownFileType = sourcecode.swift; path = UsersListView.swift; sourceTree = "<group>"; };
		6C8E70C52C3873AF00AC903E /* AddNewChatModel.swift */ = {isa = PBXFileReference; lastKnownFileType = sourcecode.swift; path = AddNewChatModel.swift; sourceTree = "<group>"; };
		6C8E70C72C38759300AC903E /* UsersListViewModel.swift */ = {isa = PBXFileReference; lastKnownFileType = sourcecode.swift; path = UsersListViewModel.swift; sourceTree = "<group>"; };
		6C8E70CA2C3875C000AC903E /* UsersListUseCase.swift */ = {isa = PBXFileReference; lastKnownFileType = sourcecode.swift; path = UsersListUseCase.swift; sourceTree = "<group>"; };
		6C9F1BEE2C21986F00DF0E7B /* User.swift */ = {isa = PBXFileReference; lastKnownFileType = sourcecode.swift; path = User.swift; sourceTree = "<group>"; };
		6C9F1BF12C21989900DF0E7B /* Chat.swift */ = {isa = PBXFileReference; lastKnownFileType = sourcecode.swift; path = Chat.swift; sourceTree = "<group>"; };
		6C9F1BF32C2198B100DF0E7B /* Message.swift */ = {isa = PBXFileReference; lastKnownFileType = sourcecode.swift; path = Message.swift; sourceTree = "<group>"; };
		6CA1E2AD2C08F5C90023546E /* ChitChat.app */ = {isa = PBXFileReference; explicitFileType = wrapper.application; includeInIndex = 0; path = ChitChat.app; sourceTree = BUILT_PRODUCTS_DIR; };
		6CA1E2B02C08F5C90023546E /* ChitChatApp.swift */ = {isa = PBXFileReference; lastKnownFileType = sourcecode.swift; path = ChitChatApp.swift; sourceTree = "<group>"; };
		6CA1E2B42C08F5CD0023546E /* Assets.xcassets */ = {isa = PBXFileReference; lastKnownFileType = folder.assetcatalog; path = Assets.xcassets; sourceTree = "<group>"; };
		6CA2207B2C3F0ADC00851097 /* Conversation2View.swift */ = {isa = PBXFileReference; lastKnownFileType = sourcecode.swift; path = Conversation2View.swift; sourceTree = "<group>"; };
		6CAE37EF2C235EE400E3AE16 /* ChatDataProvider.swift */ = {isa = PBXFileReference; lastKnownFileType = sourcecode.swift; path = ChatDataProvider.swift; sourceTree = "<group>"; };
		6CAE37F12C235F2E00E3AE16 /* MessageDataProvider.swift */ = {isa = PBXFileReference; lastKnownFileType = sourcecode.swift; path = MessageDataProvider.swift; sourceTree = "<group>"; };
		6CDE5F352C46D73700FABCA7 /* ChatsMappers.swift */ = {isa = PBXFileReference; lastKnownFileType = sourcecode.swift; path = ChatsMappers.swift; sourceTree = "<group>"; };
		6CDE5F372C46E58200FABCA7 /* MessagesMappers.swift */ = {isa = PBXFileReference; lastKnownFileType = sourcecode.swift; path = MessagesMappers.swift; sourceTree = "<group>"; };
		7E2FE3612C49DB5D0093B4B6 /* RegisterDTOMapper.swift */ = {isa = PBXFileReference; fileEncoding = 4; lastKnownFileType = sourcecode.swift; path = RegisterDTOMapper.swift; sourceTree = "<group>"; };
		7E2FE3632C49DB740093B4B6 /* UserRegisterDTO.swift */ = {isa = PBXFileReference; fileEncoding = 4; lastKnownFileType = sourcecode.swift; path = UserRegisterDTO.swift; sourceTree = "<group>"; };
		7E2FE3652C49DBA20093B4B6 /* RegisterViewModel.swift */ = {isa = PBXFileReference; fileEncoding = 4; lastKnownFileType = sourcecode.swift; path = RegisterViewModel.swift; sourceTree = "<group>"; };
		7E2FE3672C49DBBE0093B4B6 /* AvatarItem.swift */ = {isa = PBXFileReference; fileEncoding = 4; lastKnownFileType = sourcecode.swift; path = AvatarItem.swift; sourceTree = "<group>"; };
		7E2FE3682C49DBBE0093B4B6 /* RegisterModel.swift */ = {isa = PBXFileReference; fileEncoding = 4; lastKnownFileType = sourcecode.swift; path = RegisterModel.swift; sourceTree = "<group>"; };
		7E2FE3692C49DBBE0093B4B6 /* RegisterUserModel.swift */ = {isa = PBXFileReference; fileEncoding = 4; lastKnownFileType = sourcecode.swift; path = RegisterUserModel.swift; sourceTree = "<group>"; };
		7E2FE36D2C49DBEB0093B4B6 /* RegisterUseCase.swift */ = {isa = PBXFileReference; fileEncoding = 4; lastKnownFileType = sourcecode.swift; path = RegisterUseCase.swift; sourceTree = "<group>"; };
		7E3776F22C34153400EBAE55 /* LoginView.swift */ = {isa = PBXFileReference; lastKnownFileType = sourcecode.swift; path = LoginView.swift; sourceTree = "<group>"; };
		7E3776F52C34166100EBAE55 /* UserLoginDTO.swift */ = {isa = PBXFileReference; lastKnownFileType = sourcecode.swift; path = UserLoginDTO.swift; sourceTree = "<group>"; };
		7E3776F92C3427BD00EBAE55 /* LoginModel.swift */ = {isa = PBXFileReference; lastKnownFileType = sourcecode.swift; path = LoginModel.swift; sourceTree = "<group>"; };
		7E3776FE2C342C0B00EBAE55 /* LoginViewModel.swift */ = {isa = PBXFileReference; lastKnownFileType = sourcecode.swift; path = LoginViewModel.swift; sourceTree = "<group>"; };
		7E3777002C3453FA00EBAE55 /* LoginUseCase.swift */ = {isa = PBXFileReference; lastKnownFileType = sourcecode.swift; path = LoginUseCase.swift; sourceTree = "<group>"; };
		7E3777022C346C8800EBAE55 /* ErrorModel.swift */ = {isa = PBXFileReference; lastKnownFileType = sourcecode.swift; path = ErrorModel.swift; sourceTree = "<group>"; };
		7E3777052C34716E00EBAE55 /* ErrorMapper.swift */ = {isa = PBXFileReference; lastKnownFileType = sourcecode.swift; path = ErrorMapper.swift; sourceTree = "<group>"; };
		7E3777072C3473E100EBAE55 /* LoginDTOMapper.swift */ = {isa = PBXFileReference; lastKnownFileType = sourcecode.swift; path = LoginDTOMapper.swift; sourceTree = "<group>"; };
		7E5413952C358AFC0011AF3B /* Extensions.swift */ = {isa = PBXFileReference; lastKnownFileType = sourcecode.swift; path = Extensions.swift; sourceTree = "<group>"; };
		7E6F6DC22C380980001EFAB4 /* en */ = {isa = PBXFileReference; lastKnownFileType = text.plist.strings; name = en; path = en.lproj/Localizable.strings; sourceTree = "<group>"; };
		7E6F6DC42C3809AD001EFAB4 /* es */ = {isa = PBXFileReference; lastKnownFileType = text.plist.strings; name = es; path = es.lproj/Localizable.strings; sourceTree = "<group>"; };
		7E9230FD2C45958600C69E3C /* ChitChatDefaultsManager.swift */ = {isa = PBXFileReference; lastKnownFileType = sourcecode.swift; path = ChitChatDefaultsManager.swift; sourceTree = "<group>"; };
		7EE774082C35D869003DDBC2 /* AlertType.swift */ = {isa = PBXFileReference; lastKnownFileType = sourcecode.swift; path = AlertType.swift; sourceTree = "<group>"; };
		7EE7740A2C35DA85003DDBC2 /* CustomAlert.swift */ = {isa = PBXFileReference; lastKnownFileType = sourcecode.swift; path = CustomAlert.swift; sourceTree = "<group>"; };
		7EE7740C2C35E1C8003DDBC2 /* ActiveChatsView.swift */ = {isa = PBXFileReference; fileEncoding = 4; lastKnownFileType = sourcecode.swift; path = ActiveChatsView.swift; sourceTree = "<group>"; };
		7EE7740E2C35E1C8003DDBC2 /* AddNewChatView.swift */ = {isa = PBXFileReference; fileEncoding = 4; lastKnownFileType = sourcecode.swift; path = AddNewChatView.swift; sourceTree = "<group>"; };
		7EE7740F2C35E1C8003DDBC2 /* RegisterView.swift */ = {isa = PBXFileReference; fileEncoding = 4; lastKnownFileType = sourcecode.swift; path = RegisterView.swift; sourceTree = "<group>"; };
/* End PBXFileReference section */

/* Begin PBXFrameworksBuildPhase section */
		6CA1E2AA2C08F5C90023546E /* Frameworks */ = {
			isa = PBXFrameworksBuildPhase;
			buildActionMask = 2147483647;
			files = (
				6C02FD3B2C497DB60004343C /* Alamofire in Frameworks */,
			);
			runOnlyForDeploymentPostprocessing = 0;
		};
/* End PBXFrameworksBuildPhase section */

/* Begin PBXGroup section */
		470D55602C4A9B62003C9545 /* SplashView */ = {
			isa = PBXGroup;
			children = (
				470D55612C4A9B72003C9545 /* SplashView.swift */,
			);
			path = SplashView;
			sourceTree = "<group>";
		};
		471C32362C49499600BA02FD /* Chat */ = {
			isa = PBXGroup;
			children = (
				6C6332AA2C3C62E00028C748 /* ConversationView.swift */,
				6CA2207B2C3F0ADC00851097 /* Conversation2View.swift */,
				471C32372C4949A600BA02FD /* ChatView.swift */,
			);
			path = Chat;
			sourceTree = "<group>";
		};
		6C5333212C1B557900CA76C4 /* Data */ = {
			isa = PBXGroup;
			children = (
				7E9230FC2C45955900C69E3C /* Defaults */,
				7E3777042C34716300EBAE55 /* Mapper */,
				7E3776F42C34164D00EBAE55 /* Model */,
				6C53331F2C1B557300CA76C4 /* ApiManager.swift */,
				6C5333282C1B5AC000CA76C4 /* UsersApiService.swift */,
				6C53332A2C1B5ACD00CA76C4 /* ChatsApiService.swift */,
				6C53332C2C1B5AE100CA76C4 /* MessagesApiService.swift */,
				6CAE37EE2C235E7800E3AE16 /* Provider */,
			);
			path = Data;
			sourceTree = "<group>";
		};
		6C57108B2C3DB1B100DD9E9D /* UseCase */ = {
			isa = PBXGroup;
			children = (
				6C57108C2C3DB1CF00DD9E9D /* ActiveChatsUseCase.swift */,
			);
			path = UseCase;
			sourceTree = "<group>";
		};
		6C8E70BE2C3867CA00AC903E /* UsersList */ = {
			isa = PBXGroup;
			children = (
				6C8E70C92C3875AB00AC903E /* UseCase */,
				6C8E70BF2C38680400AC903E /* UsersListView.swift */,
				6C8E70C72C38759300AC903E /* UsersListViewModel.swift */,
			);
			path = UsersList;
			sourceTree = "<group>";
		};
		6C8E70C42C38739800AC903E /* Model */ = {
			isa = PBXGroup;
			children = (
				6C8E70C52C3873AF00AC903E /* AddNewChatModel.swift */,
			);
			path = Model;
			sourceTree = "<group>";
		};
		6C8E70C92C3875AB00AC903E /* UseCase */ = {
			isa = PBXGroup;
			children = (
				6C8E70CA2C3875C000AC903E /* UsersListUseCase.swift */,
			);
			path = UseCase;
			sourceTree = "<group>";
		};
		6C9F1BF02C21987400DF0E7B /* Model */ = {
			isa = PBXGroup;
			children = (
				6C9F1BEE2C21986F00DF0E7B /* User.swift */,
				6C9F1BF12C21989900DF0E7B /* Chat.swift */,
				6C9F1BF32C2198B100DF0E7B /* Message.swift */,
			);
			name = Model;
			path = ../Model;
			sourceTree = "<group>";
		};
		6CA1E2A42C08F5C90023546E = {
			isa = PBXGroup;
			children = (
				6CA1E2AF2C08F5C90023546E /* ChitChat */,
				6CA1E2B02C08F5C90023546E /* ChitChatApp.swift */,
				6CA1E2B42C08F5CD0023546E /* Assets.xcassets */,
				6CA1E2AE2C08F5C90023546E /* Products */,
			);
			sourceTree = "<group>";
		};
		6CA1E2AE2C08F5C90023546E /* Products */ = {
			isa = PBXGroup;
			children = (
				6CA1E2AD2C08F5C90023546E /* ChitChat.app */,
			);
			name = Products;
			sourceTree = "<group>";
		};
		6CA1E2AF2C08F5C90023546E /* ChitChat */ = {
			isa = PBXGroup;
			children = (
				6C9F1BF02C21987400DF0E7B /* Model */,
				7E6F6DC02C3808FD001EFAB4 /* Resources */,
				7E5413942C358AF10011AF3B /* Common */,
				6C5333212C1B557900CA76C4 /* Data */,
				7E3776F12C34152600EBAE55 /* Presentation */,
			);
			path = ChitChat;
			sourceTree = "<group>";
		};
		6CAE37EE2C235E7800E3AE16 /* Provider */ = {
			isa = PBXGroup;
			children = (
				6C5333262C1B56A600CA76C4 /* UserDataProvider.swift */,
				6CAE37EF2C235EE400E3AE16 /* ChatDataProvider.swift */,
				6CAE37F12C235F2E00E3AE16 /* MessageDataProvider.swift */,
			);
			path = Provider;
			sourceTree = "<group>";
		};
		7E2FE36F2C49DC030093B4B6 /* UseCase */ = {
			isa = PBXGroup;
			children = (
				7E2FE36D2C49DBEB0093B4B6 /* RegisterUseCase.swift */,
			);
			path = UseCase;
			sourceTree = "<group>";
		};
		7E2FE3702C49DC0D0093B4B6 /* Model */ = {
			isa = PBXGroup;
			children = (
				7E2FE3672C49DBBE0093B4B6 /* AvatarItem.swift */,
				7E2FE3682C49DBBE0093B4B6 /* RegisterModel.swift */,
				7E2FE3692C49DBBE0093B4B6 /* RegisterUserModel.swift */,
			);
			path = Model;
			sourceTree = "<group>";
		};
		7E3776F12C34152600EBAE55 /* Presentation */ = {
			isa = PBXGroup;
			children = (
				470D55602C4A9B62003C9545 /* SplashView */,
				471C32362C49499600BA02FD /* Chat */,
				6C8E70BE2C3867CA00AC903E /* UsersList */,
				7E54138D2C3588210011AF3B /* Alert */,
				7EE774162C35E1F7003DDBC2 /* ActiveChats */,
				7EE774152C35E1EC003DDBC2 /* AddNewChat */,
				7EE774142C35E1E2003DDBC2 /* Register */,
				7E3776F72C34167800EBAE55 /* Login */,
			);
			path = Presentation;
			sourceTree = "<group>";
		};
		7E3776F42C34164D00EBAE55 /* Model */ = {
			isa = PBXGroup;
			children = (
				7E2FE3632C49DB740093B4B6 /* UserRegisterDTO.swift */,
				7E3777022C346C8800EBAE55 /* ErrorModel.swift */,
				7E3776F52C34166100EBAE55 /* UserLoginDTO.swift */,
			);
			path = Model;
			sourceTree = "<group>";
		};
		7E3776F72C34167800EBAE55 /* Login */ = {
			isa = PBXGroup;
			children = (
				7E3776F82C3427A900EBAE55 /* Model */,
				7E3776FB2C34289A00EBAE55 /* UseCase */,
				7E3776F22C34153400EBAE55 /* LoginView.swift */,
				7E3776FE2C342C0B00EBAE55 /* LoginViewModel.swift */,
			);
			path = Login;
			sourceTree = "<group>";
		};
		7E3776F82C3427A900EBAE55 /* Model */ = {
			isa = PBXGroup;
			children = (
				7E3776F92C3427BD00EBAE55 /* LoginModel.swift */,
			);
			path = Model;
			sourceTree = "<group>";
		};
		7E3776FB2C34289A00EBAE55 /* UseCase */ = {
			isa = PBXGroup;
			children = (
				7E3777002C3453FA00EBAE55 /* LoginUseCase.swift */,
			);
			path = UseCase;
			sourceTree = "<group>";
		};
		7E3777042C34716300EBAE55 /* Mapper */ = {
			isa = PBXGroup;
			children = (
				7E3777052C34716E00EBAE55 /* ErrorMapper.swift */,
				7E3777072C3473E100EBAE55 /* LoginDTOMapper.swift */,
				7E2FE3612C49DB5D0093B4B6 /* RegisterDTOMapper.swift */,
				6CDE5F352C46D73700FABCA7 /* ChatsMappers.swift */,
				6CDE5F372C46E58200FABCA7 /* MessagesMappers.swift */,
			);
			path = Mapper;
			sourceTree = "<group>";
		};
		7E54138D2C3588210011AF3B /* Alert */ = {
			isa = PBXGroup;
			children = (
				7EE774082C35D869003DDBC2 /* AlertType.swift */,
				7EE7740A2C35DA85003DDBC2 /* CustomAlert.swift */,
			);
			path = Alert;
			sourceTree = "<group>";
		};
		7E5413942C358AF10011AF3B /* Common */ = {
			isa = PBXGroup;
			children = (
				7E5413952C358AFC0011AF3B /* Extensions.swift */,
			);
			path = Common;
			sourceTree = "<group>";
		};
		7E6F6DC02C3808FD001EFAB4 /* Resources */ = {
			isa = PBXGroup;
			children = (
				7E6F6DC12C380980001EFAB4 /* Localizable.strings */,
			);
			path = Resources;
			sourceTree = "<group>";
		};
		7E9230FC2C45955900C69E3C /* Defaults */ = {
			isa = PBXGroup;
			children = (
				7E9230FD2C45958600C69E3C /* ChitChatDefaultsManager.swift */,
			);
			path = Defaults;
			sourceTree = "<group>";
		};
		7EE774142C35E1E2003DDBC2 /* Register */ = {
			isa = PBXGroup;
			children = (
				7E2FE3702C49DC0D0093B4B6 /* Model */,
				7E2FE36F2C49DC030093B4B6 /* UseCase */,
				7E2FE3652C49DBA20093B4B6 /* RegisterViewModel.swift */,
				7EE7740F2C35E1C8003DDBC2 /* RegisterView.swift */,
			);
			path = Register;
			sourceTree = "<group>";
		};
		7EE774152C35E1EC003DDBC2 /* AddNewChat */ = {
			isa = PBXGroup;
			children = (
				6C8E70C42C38739800AC903E /* Model */,
				7EE7740E2C35E1C8003DDBC2 /* AddNewChatView.swift */,
			);
			path = AddNewChat;
			sourceTree = "<group>";
		};
		7EE774162C35E1F7003DDBC2 /* ActiveChats */ = {
			isa = PBXGroup;
			children = (
				6C57108B2C3DB1B100DD9E9D /* UseCase */,
				7EE7740C2C35E1C8003DDBC2 /* ActiveChatsView.swift */,
				6C5710892C3DB08600DD9E9D /* ActiveChatsViewModel.swift */,
			);
			path = ActiveChats;
			sourceTree = "<group>";
		};
/* End PBXGroup section */

/* Begin PBXNativeTarget section */
		6CA1E2AC2C08F5C90023546E /* ChitChat */ = {
			isa = PBXNativeTarget;
			buildConfigurationList = 6CA1E2BB2C08F5CD0023546E /* Build configuration list for PBXNativeTarget "ChitChat" */;
			buildPhases = (
				6CA1E2A92C08F5C90023546E /* Sources */,
				6CA1E2AA2C08F5C90023546E /* Frameworks */,
				6CA1E2AB2C08F5C90023546E /* Resources */,
				471C323F2C494B3E00BA02FD /* Embed Frameworks */,
			);
			buildRules = (
			);
			dependencies = (
			);
			name = ChitChat;
			packageProductDependencies = (
				6C02FD3A2C497DB60004343C /* Alamofire */,
			);
			productName = ChitChat;
			productReference = 6CA1E2AD2C08F5C90023546E /* ChitChat.app */;
			productType = "com.apple.product-type.application";
		};
/* End PBXNativeTarget section */

/* Begin PBXProject section */
		6CA1E2A52C08F5C90023546E /* Project object */ = {
			isa = PBXProject;
			attributes = {
				BuildIndependentTargetsInParallel = 1;
				LastSwiftUpdateCheck = 1320;
				LastUpgradeCheck = 1320;
				TargetAttributes = {
					6CA1E2AC2C08F5C90023546E = {
						CreatedOnToolsVersion = 13.2.1;
					};
				};
			};
			buildConfigurationList = 6CA1E2A82C08F5C90023546E /* Build configuration list for PBXProject "ChitChat" */;
			compatibilityVersion = "Xcode 13.0";
			developmentRegion = en;
			hasScannedForEncodings = 0;
			knownRegions = (
				en,
				Base,
				es,
			);
			mainGroup = 6CA1E2A42C08F5C90023546E;
			packageReferences = (
				6C02FD392C497DB60004343C /* XCRemoteSwiftPackageReference "Alamofire" */,
			);
			productRefGroup = 6CA1E2AE2C08F5C90023546E /* Products */;
			projectDirPath = "";
			projectRoot = "";
			targets = (
				6CA1E2AC2C08F5C90023546E /* ChitChat */,
			);
		};
/* End PBXProject section */

/* Begin PBXResourcesBuildPhase section */
		6CA1E2AB2C08F5C90023546E /* Resources */ = {
			isa = PBXResourcesBuildPhase;
			buildActionMask = 2147483647;
			files = (
				6CA1E2B52C08F5CD0023546E /* Assets.xcassets in Resources */,
				7E6F6DC32C380980001EFAB4 /* Localizable.strings in Resources */,
			);
			runOnlyForDeploymentPostprocessing = 0;
		};
/* End PBXResourcesBuildPhase section */

/* Begin PBXSourcesBuildPhase section */
		6CA1E2A92C08F5C90023546E /* Sources */ = {
			isa = PBXSourcesBuildPhase;
			buildActionMask = 2147483647;
			files = (
				7E5413962C358AFC0011AF3B /* Extensions.swift in Sources */,
				6C8E70C02C38680400AC903E /* UsersListView.swift in Sources */,
				6CAE37F02C235EE400E3AE16 /* ChatDataProvider.swift in Sources */,
				6C8E70C62C3873AF00AC903E /* AddNewChatModel.swift in Sources */,
				6C6332AB2C3C62E00028C748 /* ConversationView.swift in Sources */,
				7E3777032C346C8800EBAE55 /* ErrorModel.swift in Sources */,
				7E3777082C3473E100EBAE55 /* LoginDTOMapper.swift in Sources */,
				7E2FE36A2C49DBBE0093B4B6 /* AvatarItem.swift in Sources */,
				7E2FE36B2C49DBBE0093B4B6 /* RegisterModel.swift in Sources */,
				6C53332D2C1B5AE100CA76C4 /* MessagesApiService.swift in Sources */,
				6C53332B2C1B5ACD00CA76C4 /* ChatsApiService.swift in Sources */,
				6C9F1BF22C21989900DF0E7B /* Chat.swift in Sources */,
				7E3777062C34716E00EBAE55 /* ErrorMapper.swift in Sources */,
				7E2FE3662C49DBA20093B4B6 /* RegisterViewModel.swift in Sources */,
				7E3776FF2C342C0B00EBAE55 /* LoginViewModel.swift in Sources */,
				7E3776F62C34166100EBAE55 /* UserLoginDTO.swift in Sources */,
				7E2FE36C2C49DBBE0093B4B6 /* RegisterUserModel.swift in Sources */,
				470D55622C4A9B72003C9545 /* SplashView.swift in Sources */,
				6C5333292C1B5AC000CA76C4 /* UsersApiService.swift in Sources */,
				6C8E70C82C38759300AC903E /* UsersListViewModel.swift in Sources */,
				7E2FE3622C49DB5D0093B4B6 /* RegisterDTOMapper.swift in Sources */,
				471C32382C4949A600BA02FD /* ChatView.swift in Sources */,
				6CA2207C2C3F0ADC00851097 /* Conversation2View.swift in Sources */,
				7EE7740B2C35DA85003DDBC2 /* CustomAlert.swift in Sources */,
				6C9F1BF42C2198B100DF0E7B /* Message.swift in Sources */,
				6C8E70CB2C3875C000AC903E /* UsersListUseCase.swift in Sources */,
				7E3776F32C34153400EBAE55 /* LoginView.swift in Sources */,
				7E3776FA2C3427BD00EBAE55 /* LoginModel.swift in Sources */,
				7EE774132C35E1C9003DDBC2 /* RegisterView.swift in Sources */,
				6C9F1BEF2C21986F00DF0E7B /* User.swift in Sources */,
				7EE774122C35E1C9003DDBC2 /* AddNewChatView.swift in Sources */,
				7E2FE36E2C49DBEB0093B4B6 /* RegisterUseCase.swift in Sources */,
				6CDE5F362C46D73700FABCA7 /* ChatsMappers.swift in Sources */,
				6CDC8D792C484EC90041B1CB /* ChitChatDefaultsManager.swift in Sources */,
				6C5333202C1B557300CA76C4 /* ApiManager.swift in Sources */,
				6C57108D2C3DB1CF00DD9E9D /* ActiveChatsUseCase.swift in Sources */,
				6C5333272C1B56A600CA76C4 /* UserDataProvider.swift in Sources */,
				6CAE37F22C235F2E00E3AE16 /* MessageDataProvider.swift in Sources */,
				7EE774102C35E1C9003DDBC2 /* ActiveChatsView.swift in Sources */,
				6CA1E2B12C08F5C90023546E /* ChitChatApp.swift in Sources */,
				6CDE5F382C46E58200FABCA7 /* MessagesMappers.swift in Sources */,
				7E3777012C3453FA00EBAE55 /* LoginUseCase.swift in Sources */,
				7EE774092C35D869003DDBC2 /* AlertType.swift in Sources */,
				7E2FE3642C49DB740093B4B6 /* UserRegisterDTO.swift in Sources */,
				6C57108A2C3DB08600DD9E9D /* ActiveChatsViewModel.swift in Sources */,
			);
			runOnlyForDeploymentPostprocessing = 0;
		};
/* End PBXSourcesBuildPhase section */

/* Begin PBXVariantGroup section */
		7E6F6DC12C380980001EFAB4 /* Localizable.strings */ = {
			isa = PBXVariantGroup;
			children = (
				7E6F6DC22C380980001EFAB4 /* en */,
				7E6F6DC42C3809AD001EFAB4 /* es */,
			);
			name = Localizable.strings;
			sourceTree = "<group>";
		};
/* End PBXVariantGroup section */

/* Begin XCBuildConfiguration section */
		6CA1E2B92C08F5CD0023546E /* Debug */ = {
			isa = XCBuildConfiguration;
			buildSettings = {
				ALWAYS_SEARCH_USER_PATHS = NO;
				CLANG_ANALYZER_NONNULL = YES;
				CLANG_ANALYZER_NUMBER_OBJECT_CONVERSION = YES_AGGRESSIVE;
				CLANG_CXX_LANGUAGE_STANDARD = "gnu++17";
				CLANG_CXX_LIBRARY = "libc++";
				CLANG_ENABLE_MODULES = YES;
				CLANG_ENABLE_OBJC_ARC = YES;
				CLANG_ENABLE_OBJC_WEAK = YES;
				CLANG_WARN_BLOCK_CAPTURE_AUTORELEASING = YES;
				CLANG_WARN_BOOL_CONVERSION = YES;
				CLANG_WARN_COMMA = YES;
				CLANG_WARN_CONSTANT_CONVERSION = YES;
				CLANG_WARN_DEPRECATED_OBJC_IMPLEMENTATIONS = YES;
				CLANG_WARN_DIRECT_OBJC_ISA_USAGE = YES_ERROR;
				CLANG_WARN_DOCUMENTATION_COMMENTS = YES;
				CLANG_WARN_EMPTY_BODY = YES;
				CLANG_WARN_ENUM_CONVERSION = YES;
				CLANG_WARN_INFINITE_RECURSION = YES;
				CLANG_WARN_INT_CONVERSION = YES;
				CLANG_WARN_NON_LITERAL_NULL_CONVERSION = YES;
				CLANG_WARN_OBJC_IMPLICIT_RETAIN_SELF = YES;
				CLANG_WARN_OBJC_LITERAL_CONVERSION = YES;
				CLANG_WARN_OBJC_ROOT_CLASS = YES_ERROR;
				CLANG_WARN_QUOTED_INCLUDE_IN_FRAMEWORK_HEADER = YES;
				CLANG_WARN_RANGE_LOOP_ANALYSIS = YES;
				CLANG_WARN_STRICT_PROTOTYPES = YES;
				CLANG_WARN_SUSPICIOUS_MOVE = YES;
				CLANG_WARN_UNGUARDED_AVAILABILITY = YES_AGGRESSIVE;
				CLANG_WARN_UNREACHABLE_CODE = YES;
				CLANG_WARN__DUPLICATE_METHOD_MATCH = YES;
				COPY_PHASE_STRIP = NO;
				DEBUG_INFORMATION_FORMAT = dwarf;
				ENABLE_STRICT_OBJC_MSGSEND = YES;
				ENABLE_TESTABILITY = YES;
				GCC_C_LANGUAGE_STANDARD = gnu11;
				GCC_DYNAMIC_NO_PIC = NO;
				GCC_NO_COMMON_BLOCKS = YES;
				GCC_OPTIMIZATION_LEVEL = 0;
				GCC_PREPROCESSOR_DEFINITIONS = (
					"DEBUG=1",
					"$(inherited)",
				);
				GCC_WARN_64_TO_32_BIT_CONVERSION = YES;
				GCC_WARN_ABOUT_RETURN_TYPE = YES_ERROR;
				GCC_WARN_UNDECLARED_SELECTOR = YES;
				GCC_WARN_UNINITIALIZED_AUTOS = YES_AGGRESSIVE;
				GCC_WARN_UNUSED_FUNCTION = YES;
				GCC_WARN_UNUSED_VARIABLE = YES;
				IPHONEOS_DEPLOYMENT_TARGET = 15.2;
				MTL_ENABLE_DEBUG_INFO = INCLUDE_SOURCE;
				MTL_FAST_MATH = YES;
				ONLY_ACTIVE_ARCH = YES;
				SDKROOT = iphoneos;
				SWIFT_ACTIVE_COMPILATION_CONDITIONS = DEBUG;
				SWIFT_OPTIMIZATION_LEVEL = "-Onone";
			};
			name = Debug;
		};
		6CA1E2BA2C08F5CD0023546E /* Release */ = {
			isa = XCBuildConfiguration;
			buildSettings = {
				ALWAYS_SEARCH_USER_PATHS = NO;
				CLANG_ANALYZER_NONNULL = YES;
				CLANG_ANALYZER_NUMBER_OBJECT_CONVERSION = YES_AGGRESSIVE;
				CLANG_CXX_LANGUAGE_STANDARD = "gnu++17";
				CLANG_CXX_LIBRARY = "libc++";
				CLANG_ENABLE_MODULES = YES;
				CLANG_ENABLE_OBJC_ARC = YES;
				CLANG_ENABLE_OBJC_WEAK = YES;
				CLANG_WARN_BLOCK_CAPTURE_AUTORELEASING = YES;
				CLANG_WARN_BOOL_CONVERSION = YES;
				CLANG_WARN_COMMA = YES;
				CLANG_WARN_CONSTANT_CONVERSION = YES;
				CLANG_WARN_DEPRECATED_OBJC_IMPLEMENTATIONS = YES;
				CLANG_WARN_DIRECT_OBJC_ISA_USAGE = YES_ERROR;
				CLANG_WARN_DOCUMENTATION_COMMENTS = YES;
				CLANG_WARN_EMPTY_BODY = YES;
				CLANG_WARN_ENUM_CONVERSION = YES;
				CLANG_WARN_INFINITE_RECURSION = YES;
				CLANG_WARN_INT_CONVERSION = YES;
				CLANG_WARN_NON_LITERAL_NULL_CONVERSION = YES;
				CLANG_WARN_OBJC_IMPLICIT_RETAIN_SELF = YES;
				CLANG_WARN_OBJC_LITERAL_CONVERSION = YES;
				CLANG_WARN_OBJC_ROOT_CLASS = YES_ERROR;
				CLANG_WARN_QUOTED_INCLUDE_IN_FRAMEWORK_HEADER = YES;
				CLANG_WARN_RANGE_LOOP_ANALYSIS = YES;
				CLANG_WARN_STRICT_PROTOTYPES = YES;
				CLANG_WARN_SUSPICIOUS_MOVE = YES;
				CLANG_WARN_UNGUARDED_AVAILABILITY = YES_AGGRESSIVE;
				CLANG_WARN_UNREACHABLE_CODE = YES;
				CLANG_WARN__DUPLICATE_METHOD_MATCH = YES;
				COPY_PHASE_STRIP = NO;
				DEBUG_INFORMATION_FORMAT = "dwarf-with-dsym";
				ENABLE_NS_ASSERTIONS = NO;
				ENABLE_STRICT_OBJC_MSGSEND = YES;
				GCC_C_LANGUAGE_STANDARD = gnu11;
				GCC_NO_COMMON_BLOCKS = YES;
				GCC_WARN_64_TO_32_BIT_CONVERSION = YES;
				GCC_WARN_ABOUT_RETURN_TYPE = YES_ERROR;
				GCC_WARN_UNDECLARED_SELECTOR = YES;
				GCC_WARN_UNINITIALIZED_AUTOS = YES_AGGRESSIVE;
				GCC_WARN_UNUSED_FUNCTION = YES;
				GCC_WARN_UNUSED_VARIABLE = YES;
				IPHONEOS_DEPLOYMENT_TARGET = 15.2;
				MTL_ENABLE_DEBUG_INFO = NO;
				MTL_FAST_MATH = YES;
				SDKROOT = iphoneos;
				SWIFT_COMPILATION_MODE = wholemodule;
				SWIFT_OPTIMIZATION_LEVEL = "-O";
				VALIDATE_PRODUCT = YES;
			};
			name = Release;
		};
		6CA1E2BC2C08F5CD0023546E /* Debug */ = {
			isa = XCBuildConfiguration;
			buildSettings = {
				ASSETCATALOG_COMPILER_APPICON_NAME = AppIcon;
				ASSETCATALOG_COMPILER_GLOBAL_ACCENT_COLOR_NAME = AccentColor;
				CODE_SIGN_STYLE = Automatic;
				CURRENT_PROJECT_VERSION = 1;
				DEVELOPMENT_ASSET_PATHS = "";
				DEVELOPMENT_TEAM = UMG3XG3ASF;
				ENABLE_PREVIEWS = YES;
				GENERATE_INFOPLIST_FILE = YES;
				INFOPLIST_KEY_UIApplicationSceneManifest_Generation = YES;
				INFOPLIST_KEY_UIApplicationSupportsIndirectInputEvents = YES;
				INFOPLIST_KEY_UILaunchScreen_Generation = YES;
				INFOPLIST_KEY_UISupportedInterfaceOrientations_iPad = "UIInterfaceOrientationPortrait UIInterfaceOrientationPortraitUpsideDown UIInterfaceOrientationLandscapeLeft UIInterfaceOrientationLandscapeRight";
				INFOPLIST_KEY_UISupportedInterfaceOrientations_iPhone = "UIInterfaceOrientationPortrait UIInterfaceOrientationLandscapeLeft UIInterfaceOrientationLandscapeRight";
				LD_RUNPATH_SEARCH_PATHS = (
					"$(inherited)",
					"@executable_path/Frameworks",
				);
				MARKETING_VERSION = 1.0;
				PRODUCT_BUNDLE_IDENTIFIER = Sprint1.ChitChat;
				PRODUCT_NAME = "$(TARGET_NAME)";
				SWIFT_EMIT_LOC_STRINGS = YES;
				SWIFT_VERSION = 5.0;
				TARGETED_DEVICE_FAMILY = "1,2";
			};
			name = Debug;
		};
		6CA1E2BD2C08F5CD0023546E /* Release */ = {
			isa = XCBuildConfiguration;
			buildSettings = {
				ASSETCATALOG_COMPILER_APPICON_NAME = AppIcon;
				ASSETCATALOG_COMPILER_GLOBAL_ACCENT_COLOR_NAME = AccentColor;
				CODE_SIGN_STYLE = Automatic;
				CURRENT_PROJECT_VERSION = 1;
				DEVELOPMENT_ASSET_PATHS = "";
				DEVELOPMENT_TEAM = UMG3XG3ASF;
				ENABLE_PREVIEWS = YES;
				GENERATE_INFOPLIST_FILE = YES;
				INFOPLIST_KEY_UIApplicationSceneManifest_Generation = YES;
				INFOPLIST_KEY_UIApplicationSupportsIndirectInputEvents = YES;
				INFOPLIST_KEY_UILaunchScreen_Generation = YES;
				INFOPLIST_KEY_UISupportedInterfaceOrientations_iPad = "UIInterfaceOrientationPortrait UIInterfaceOrientationPortraitUpsideDown UIInterfaceOrientationLandscapeLeft UIInterfaceOrientationLandscapeRight";
				INFOPLIST_KEY_UISupportedInterfaceOrientations_iPhone = "UIInterfaceOrientationPortrait UIInterfaceOrientationLandscapeLeft UIInterfaceOrientationLandscapeRight";
				LD_RUNPATH_SEARCH_PATHS = (
					"$(inherited)",
					"@executable_path/Frameworks",
				);
				MARKETING_VERSION = 1.0;
				PRODUCT_BUNDLE_IDENTIFIER = Sprint1.ChitChat;
				PRODUCT_NAME = "$(TARGET_NAME)";
				SWIFT_EMIT_LOC_STRINGS = YES;
				SWIFT_VERSION = 5.0;
				TARGETED_DEVICE_FAMILY = "1,2";
			};
			name = Release;
		};
/* End XCBuildConfiguration section */

/* Begin XCConfigurationList section */
		6CA1E2A82C08F5C90023546E /* Build configuration list for PBXProject "ChitChat" */ = {
			isa = XCConfigurationList;
			buildConfigurations = (
				6CA1E2B92C08F5CD0023546E /* Debug */,
				6CA1E2BA2C08F5CD0023546E /* Release */,
			);
			defaultConfigurationIsVisible = 0;
			defaultConfigurationName = Release;
		};
		6CA1E2BB2C08F5CD0023546E /* Build configuration list for PBXNativeTarget "ChitChat" */ = {
			isa = XCConfigurationList;
			buildConfigurations = (
				6CA1E2BC2C08F5CD0023546E /* Debug */,
				6CA1E2BD2C08F5CD0023546E /* Release */,
			);
			defaultConfigurationIsVisible = 0;
			defaultConfigurationName = Release;
		};
/* End XCConfigurationList section */

/* Begin XCRemoteSwiftPackageReference section */
		6C02FD392C497DB60004343C /* XCRemoteSwiftPackageReference "Alamofire" */ = {
			isa = XCRemoteSwiftPackageReference;
			repositoryURL = "https://github.com/Alamofire/Alamofire.git";
			requirement = {
				kind = upToNextMajorVersion;
				minimumVersion = 5.0.0;
			};
		};
/* End XCRemoteSwiftPackageReference section */

/* Begin XCSwiftPackageProductDependency section */
		6C02FD3A2C497DB60004343C /* Alamofire */ = {
			isa = XCSwiftPackageProductDependency;
			package = 6C02FD392C497DB60004343C /* XCRemoteSwiftPackageReference "Alamofire" */;
			productName = Alamofire;
		};
/* End XCSwiftPackageProductDependency section */
	};
	rootObject = 6CA1E2A52C08F5C90023546E /* Project object */;
}
